// !$*UTF8*$!
{
	archiveVersion = 1;
	classes = {
	};
	objectVersion = 50;
	objects = {

/* Begin PBXBuildFile section */
		2208144E240D148200BF8C59 /* Game.swift in Sources */ = {isa = PBXBuildFile; fileRef = 2208144D240D148200BF8C59 /* Game.swift */; };
		22081450240D14B400BF8C59 /* Player.swift in Sources */ = {isa = PBXBuildFile; fileRef = 2208144F240D14B400BF8C59 /* Player.swift */; };
		22081452240D14E700BF8C59 /* Character.swift in Sources */ = {isa = PBXBuildFile; fileRef = 22081451240D14E700BF8C59 /* Character.swift */; };
		22081454240D15BA00BF8C59 /* Weapon.swift in Sources */ = {isa = PBXBuildFile; fileRef = 22081453240D15B900BF8C59 /* Weapon.swift */; };
		222BD8622405B324005C0A2A /* main.swift in Sources */ = {isa = PBXBuildFile; fileRef = 222BD8612405B324005C0A2A /* main.swift */; };
/* End PBXBuildFile section */

/* Begin PBXCopyFilesBuildPhase section */
		222BD85C2405B324005C0A2A /* CopyFiles */ = {
			isa = PBXCopyFilesBuildPhase;
			buildActionMask = 2147483647;
			dstPath = /usr/share/man/man1/;
			dstSubfolderSpec = 0;
			files = (
			);
			runOnlyForDeploymentPostprocessing = 1;
		};
/* End PBXCopyFilesBuildPhase section */

/* Begin PBXFileReference section */
		2208144D240D148200BF8C59 /* Game.swift */ = {isa = PBXFileReference; lastKnownFileType = sourcecode.swift; path = Game.swift; sourceTree = "<group>"; };
		2208144F240D14B400BF8C59 /* Player.swift */ = {isa = PBXFileReference; lastKnownFileType = sourcecode.swift; path = Player.swift; sourceTree = "<group>"; };
		22081451240D14E700BF8C59 /* Character.swift */ = {isa = PBXFileReference; lastKnownFileType = sourcecode.swift; path = Character.swift; sourceTree = "<group>"; };
		22081453240D15B900BF8C59 /* Weapon.swift */ = {isa = PBXFileReference; lastKnownFileType = sourcecode.swift; path = Weapon.swift; sourceTree = "<group>"; };
		222BD85E2405B324005C0A2A /* game_opc_project_3 */ = {isa = PBXFileReference; explicitFileType = "compiled.mach-o.executable"; includeInIndex = 0; path = game_opc_project_3; sourceTree = BUILT_PRODUCTS_DIR; };
		222BD8612405B324005C0A2A /* main.swift */ = {isa = PBXFileReference; lastKnownFileType = sourcecode.swift; path = main.swift; sourceTree = "<group>"; };
		222BD8682405B33A005C0A2A /* README.md */ = {isa = PBXFileReference; lastKnownFileType = net.daringfireball.markdown; path = README.md; sourceTree = "<group>"; };
		222BD86A2405B382005C0A2A /* Class_descriptions.md */ = {isa = PBXFileReference; lastKnownFileType = net.daringfireball.markdown; path = Class_descriptions.md; sourceTree = "<group>"; };
/* End PBXFileReference section */

/* Begin PBXFrameworksBuildPhase section */
		222BD85B2405B324005C0A2A /* Frameworks */ = {
			isa = PBXFrameworksBuildPhase;
			buildActionMask = 2147483647;
			files = (
			);
			runOnlyForDeploymentPostprocessing = 0;
		};
/* End PBXFrameworksBuildPhase section */

/* Begin PBXGroup section */
		2208144C240D146A00BF8C59 /* models */ = {
			isa = PBXGroup;
			children = (
				2208144D240D148200BF8C59 /* Game.swift */,
				22081451240D14E700BF8C59 /* Character.swift */,
				2208144F240D14B400BF8C59 /* Player.swift */,
				22081453240D15B900BF8C59 /* Weapon.swift */,
			);
			path = models;
			sourceTree = "<group>";
		};
		222BD8552405B324005C0A2A = {
			isa = PBXGroup;
			children = (
				222BD8602405B324005C0A2A /* game_opc_project_3 */,
				222BD85F2405B324005C0A2A /* Products */,
			);
			sourceTree = "<group>";
		};
		222BD85F2405B324005C0A2A /* Products */ = {
			isa = PBXGroup;
			children = (
				222BD85E2405B324005C0A2A /* game_opc_project_3 */,
			);
			name = Products;
			sourceTree = "<group>";
		};
		222BD8602405B324005C0A2A /* game_opc_project_3 */ = {
			isa = PBXGroup;
			children = (
				2208144C240D146A00BF8C59 /* models */,
				222BD8692405B34A005C0A2A /* docs */,
				222BD8612405B324005C0A2A /* main.swift */,
				222BD8682405B33A005C0A2A /* README.md */,
			);
			path = game_opc_project_3;
			sourceTree = "<group>";
		};
		222BD8692405B34A005C0A2A /* docs */ = {
			isa = PBXGroup;
			children = (
				222BD86A2405B382005C0A2A /* Class_descriptions.md */,
			);
			path = docs;
			sourceTree = "<group>";
		};
/* End PBXGroup section */

/* Begin PBXNativeTarget section */
		222BD85D2405B324005C0A2A /* game_opc_project_3 */ = {
			isa = PBXNativeTarget;
			buildConfigurationList = 222BD8652405B324005C0A2A /* Build configuration list for PBXNativeTarget "game_opc_project_3" */;
			buildPhases = (
				222BD85A2405B324005C0A2A /* Sources */,
				222BD85B2405B324005C0A2A /* Frameworks */,
				222BD85C2405B324005C0A2A /* CopyFiles */,
			);
			buildRules = (
			);
			dependencies = (
			);
			name = game_opc_project_3;
			productName = game_opc_project_3;
			productReference = 222BD85E2405B324005C0A2A /* game_opc_project_3 */;
			productType = "com.apple.product-type.tool";
		};
/* End PBXNativeTarget section */

/* Begin PBXProject section */
		222BD8562405B324005C0A2A /* Project object */ = {
			isa = PBXProject;
			attributes = {
				LastSwiftUpdateCheck = 1120;
				LastUpgradeCheck = 1120;
				ORGANIZATIONNAME = "Sam Boulanger";
				TargetAttributes = {
					222BD85D2405B324005C0A2A = {
						CreatedOnToolsVersion = 11.2.1;
					};
				};
			};
			buildConfigurationList = 222BD8592405B324005C0A2A /* Build configuration list for PBXProject "game_opc_project_3" */;
			compatibilityVersion = "Xcode 9.3";
			developmentRegion = en;
			hasScannedForEncodings = 0;
			knownRegions = (
				en,
				Base,
			);
			mainGroup = 222BD8552405B324005C0A2A;
			productRefGroup = 222BD85F2405B324005C0A2A /* Products */;
			projectDirPath = "";
			projectRoot = "";
			targets = (
				222BD85D2405B324005C0A2A /* game_opc_project_3 */,
			);
		};
/* End PBXProject section */

/* Begin PBXSourcesBuildPhase section */
		222BD85A2405B324005C0A2A /* Sources */ = {
			isa = PBXSourcesBuildPhase;
			buildActionMask = 2147483647;
			files = (
				22081450240D14B400BF8C59 /* Player.swift in Sources */,
				222BD8622405B324005C0A2A /* main.swift in Sources */,
				22081452240D14E700BF8C59 /* Character.swift in Sources */,
				2208144E240D148200BF8C59 /* Game.swift in Sources */,
				22081454240D15BA00BF8C59 /* Weapon.swift in Sources */,
			);
			runOnlyForDeploymentPostprocessing = 0;
		};
/* End PBXSourcesBuildPhase section */

/* Begin XCBuildConfiguration section */
		222BD8632405B324005C0A2A /* Debug */ = {
			isa = XCBuildConfiguration;
			buildSettings = {
				ALWAYS_SEARCH_USER_PATHS = NO;
				CLANG_ANALYZER_NONNULL = YES;
				CLANG_ANALYZER_NUMBER_OBJECT_CONVERSION = YES_AGGRESSIVE;
				CLANG_CXX_LANGUAGE_STANDARD = "gnu++14";
				CLANG_CXX_LIBRARY = "libc++";
				CLANG_ENABLE_MODULES = YES;
				CLANG_ENABLE_OBJC_ARC = YES;
				CLANG_ENABLE_OBJC_WEAK = YES;
				CLANG_WARN_BLOCK_CAPTURE_AUTORELEASING = YES;
				CLANG_WARN_BOOL_CONVERSION = YES;
				CLANG_WARN_COMMA = YES;
				CLANG_WARN_CONSTANT_CONVERSION = YES;
				CLANG_WARN_DEPRECATED_OBJC_IMPLEMENTATIONS = YES;
				CLANG_WARN_DIRECT_OBJC_ISA_USAGE = YES_ERROR;
				CLANG_WARN_DOCUMENTATION_COMMENTS = YES;
				CLANG_WARN_EMPTY_BODY = YES;
				CLANG_WARN_ENUM_CONVERSION = YES;
				CLANG_WARN_INFINITE_RECURSION = YES;
				CLANG_WARN_INT_CONVERSION = YES;
				CLANG_WARN_NON_LITERAL_NULL_CONVERSION = YES;
				CLANG_WARN_OBJC_IMPLICIT_RETAIN_SELF = YES;
				CLANG_WARN_OBJC_LITERAL_CONVERSION = YES;
				CLANG_WARN_OBJC_ROOT_CLASS = YES_ERROR;
				CLANG_WARN_RANGE_LOOP_ANALYSIS = YES;
				CLANG_WARN_STRICT_PROTOTYPES = YES;
				CLANG_WARN_SUSPICIOUS_MOVE = YES;
				CLANG_WARN_UNGUARDED_AVAILABILITY = YES_AGGRESSIVE;
				CLANG_WARN_UNREACHABLE_CODE = YES;
				CLANG_WARN__DUPLICATE_METHOD_MATCH = YES;
				COPY_PHASE_STRIP = NO;
				DEBUG_INFORMATION_FORMAT = dwarf;
				ENABLE_STRICT_OBJC_MSGSEND = YES;
				ENABLE_TESTABILITY = YES;
				GCC_C_LANGUAGE_STANDARD = gnu11;
				GCC_DYNAMIC_NO_PIC = NO;
				GCC_NO_COMMON_BLOCKS = YES;
				GCC_OPTIMIZATION_LEVEL = 0;
				GCC_PREPROCESSOR_DEFINITIONS = (
					"DEBUG=1",
					"$(inherited)",
				);
				GCC_WARN_64_TO_32_BIT_CONVERSION = YES;
				GCC_WARN_ABOUT_RETURN_TYPE = YES_ERROR;
				GCC_WARN_UNDECLARED_SELECTOR = YES;
				GCC_WARN_UNINITIALIZED_AUTOS = YES_AGGRESSIVE;
				GCC_WARN_UNUSED_FUNCTION = YES;
				GCC_WARN_UNUSED_VARIABLE = YES;
				MACOSX_DEPLOYMENT_TARGET = 10.15;
				MTL_ENABLE_DEBUG_INFO = INCLUDE_SOURCE;
				MTL_FAST_MATH = YES;
				ONLY_ACTIVE_ARCH = YES;
				SDKROOT = macosx;
				SWIFT_ACTIVE_COMPILATION_CONDITIONS = DEBUG;
				SWIFT_OPTIMIZATION_LEVEL = "-Onone";
			};
			name = Debug;
		};
		222BD8642405B324005C0A2A /* Release */ = {
			isa = XCBuildConfiguration;
			buildSettings = {
				ALWAYS_SEARCH_USER_PATHS = NO;
				CLANG_ANALYZER_NONNULL = YES;
				CLANG_ANALYZER_NUMBER_OBJECT_CONVERSION = YES_AGGRESSIVE;
				CLANG_CXX_LANGUAGE_STANDARD = "gnu++14";
				CLANG_CXX_LIBRARY = "libc++";
				CLANG_ENABLE_MODULES = YES;
				CLANG_ENABLE_OBJC_ARC = YES;
				CLANG_ENABLE_OBJC_WEAK = YES;
				CLANG_WARN_BLOCK_CAPTURE_AUTORELEASING = YES;
				CLANG_WARN_BOOL_CONVERSION = YES;
				CLANG_WARN_COMMA = YES;
				CLANG_WARN_CONSTANT_CONVERSION = YES;
				CLANG_WARN_DEPRECATED_OBJC_IMPLEMENTATIONS = YES;
				CLANG_WARN_DIRECT_OBJC_ISA_USAGE = YES_ERROR;
				CLANG_WARN_DOCUMENTATION_COMMENTS = YES;
				CLANG_WARN_EMPTY_BODY = YES;
				CLANG_WARN_ENUM_CONVERSION = YES;
				CLANG_WARN_INFINITE_RECURSION = YES;
				CLANG_WARN_INT_CONVERSION = YES;
				CLANG_WARN_NON_LITERAL_NULL_CONVERSION = YES;
				CLANG_WARN_OBJC_IMPLICIT_RETAIN_SELF = YES;
				CLANG_WARN_OBJC_LITERAL_CONVERSION = YES;
				CLANG_WARN_OBJC_ROOT_CLASS = YES_ERROR;
				CLANG_WARN_RANGE_LOOP_ANALYSIS = YES;
				CLANG_WARN_STRICT_PROTOTYPES = YES;
				CLANG_WARN_SUSPICIOUS_MOVE = YES;
				CLANG_WARN_UNGUARDED_AVAILABILITY = YES_AGGRESSIVE;
				CLANG_WARN_UNREACHABLE_CODE = YES;
				CLANG_WARN__DUPLICATE_METHOD_MATCH = YES;
				COPY_PHASE_STRIP = NO;
				DEBUG_INFORMATION_FORMAT = "dwarf-with-dsym";
				ENABLE_NS_ASSERTIONS = NO;
				ENABLE_STRICT_OBJC_MSGSEND = YES;
				GCC_C_LANGUAGE_STANDARD = gnu11;
				GCC_NO_COMMON_BLOCKS = YES;
				GCC_WARN_64_TO_32_BIT_CONVERSION = YES;
				GCC_WARN_ABOUT_RETURN_TYPE = YES_ERROR;
				GCC_WARN_UNDECLARED_SELECTOR = YES;
				GCC_WARN_UNINITIALIZED_AUTOS = YES_AGGRESSIVE;
				GCC_WARN_UNUSED_FUNCTION = YES;
				GCC_WARN_UNUSED_VARIABLE = YES;
				MACOSX_DEPLOYMENT_TARGET = 10.15;
				MTL_ENABLE_DEBUG_INFO = NO;
				MTL_FAST_MATH = YES;
				SDKROOT = macosx;
				SWIFT_COMPILATION_MODE = wholemodule;
				SWIFT_OPTIMIZATION_LEVEL = "-O";
			};
			name = Release;
		};
		222BD8662405B324005C0A2A /* Debug */ = {
			isa = XCBuildConfiguration;
			buildSettings = {
				CODE_SIGN_STYLE = Automatic;
				PRODUCT_NAME = "$(TARGET_NAME)";
				SWIFT_VERSION = 5.0;
			};
			name = Debug;
		};
		222BD8672405B324005C0A2A /* Release */ = {
			isa = XCBuildConfiguration;
			buildSettings = {
				CODE_SIGN_STYLE = Automatic;
				PRODUCT_NAME = "$(TARGET_NAME)";
				SWIFT_VERSION = 5.0;
			};
			name = Release;
		};
/* End XCBuildConfiguration section */

/* Begin XCConfigurationList section */
		222BD8592405B324005C0A2A /* Build configuration list for PBXProject "game_opc_project_3" */ = {
			isa = XCConfigurationList;
			buildConfigurations = (
				222BD8632405B324005C0A2A /* Debug */,
				222BD8642405B324005C0A2A /* Release */,
			);
			defaultConfigurationIsVisible = 0;
			defaultConfigurationName = Release;
		};
		222BD8652405B324005C0A2A /* Build configuration list for PBXNativeTarget "game_opc_project_3" */ = {
			isa = XCConfigurationList;
			buildConfigurations = (
				222BD8662405B324005C0A2A /* Debug */,
				222BD8672405B324005C0A2A /* Release */,
			);
			defaultConfigurationIsVisible = 0;
			defaultConfigurationName = Release;
		};
/* End XCConfigurationList section */
	};
	rootObject = 222BD8562405B324005C0A2A /* Project object */;
}
